PODS:
  - Cache (4.1.2)
  - ChromaColorPicker (1.5.1)

DEPENDENCIES:
  - Cache
  - ChromaColorPicker

SPEC CHECKSUMS:
  Cache: bd0233fc688b5e83a27bcd87807db7e6f23adcc5
  ChromaColorPicker: cc7fc1d92569a8a9198fe89d9a420147e508462c

PODFILE CHECKSUM: 05e584a5e93896f6d4c70b78d51ac94dde9ec6a1

COCOAPODS: 1.2.1
